PODS:
  - JSONModel (1.0.2)
  - SDWebImage (3.7.6):
    - SDWebImage/Core (= 3.7.6)
  - SDWebImage/Core (3.7.6)
  - STTwitter (0.2.5)

DEPENDENCIES:
  - JSONModel (~> 1.0.2)
  - SDWebImage (~> 3.7.1)
  - STTwitter

SPEC CHECKSUMS:
  JSONModel: 6ffcb4ffa3659c9e9a2e5d45d6c7705bab187c03
  SDWebImage: c325cf02c30337336b95beff20a13df489ec0ec9
  STTwitter: 5c157e8dcb4f0e4cf5b4374393021b7d7b7fd497

PODFILE CHECKSUM: 368be2c0aafe90e371459b72ad35c1875ec0b342

COCOAPODS: 1.1.1
