// !$*UTF8*$!
{
	archiveVersion = 1;
	classes = {
	};
	objectVersion = 46;
	objects = {

/* Begin PBXBuildFile section */
		58CEC5951A750EEA0039FE36 /* main.m in Sources */ = {isa = PBXBuildFile; fileRef = 58CEC5941A750EEA0039FE36 /* main.m */; };
		58CEC5981A750EEA0039FE36 /* JVIAppDelegate.m in Sources */ = {isa = PBXBuildFile; fileRef = 58CEC5971A750EEA0039FE36 /* JVIAppDelegate.m */; };
		58CEC5A01A750EEA0039FE36 /* Images.xcassets in Resources */ = {isa = PBXBuildFile; fileRef = 58CEC59F1A750EEA0039FE36 /* Images.xcassets */; };
		58CEC5AF1A750EEA0039FE36 /* interviewTests.m in Sources */ = {isa = PBXBuildFile; fileRef = 58CEC5AE1A750EEA0039FE36 /* interviewTests.m */; };
		DFE8890D670DBBF5570D13F7 /* libPods.a in Frameworks */ = {isa = PBXBuildFile; fileRef = A5D81F80823F8095A79A2AFF /* libPods.a */; };
		ED0E6097C2251E0A930D5899 /* JVIPaginatedList.m in Sources */ = {isa = PBXBuildFile; fileRef = ED0E60ADEA15809173F93DF9 /* JVIPaginatedList.m */; };
		ED0E64EF4D25D11E102ACCCF /* JVIInstagramService.m in Sources */ = {isa = PBXBuildFile; fileRef = ED0E6080CE4AD82463344B27 /* JVIInstagramService.m */; };
		ED0E6574D19B8DACB34AFA11 /* JVIImage.m in Sources */ = {isa = PBXBuildFile; fileRef = ED0E6FB596B3BD8227D68401 /* JVIImage.m */; };
		ED0E67E799CACFE65FF4160B /* JVIFeedViewController.m in Sources */ = {isa = PBXBuildFile; fileRef = ED0E6F7564C66B2940CC6084 /* JVIFeedViewController.m */; };
		ED0E69787A4D1A3F4FFDFB36 /* Localizable.strings in Resources */ = {isa = PBXBuildFile; fileRef = ED0E6E000F41593C99CBDF9F /* Localizable.strings */; };
		ED0E6D20453B535727C85138 /* UIView+JVDView.m in Sources */ = {isa = PBXBuildFile; fileRef = ED0E68708ABAD43637E23D65 /* UIView+JVDView.m */; };
		ED0E6DFFDC60DD43DC6AE60A /* JVIUser.m in Sources */ = {isa = PBXBuildFile; fileRef = ED0E60B0D14F9BA275417EE7 /* JVIUser.m */; };
/* End PBXBuildFile section */

/* Begin PBXContainerItemProxy section */
		58CEC5A91A750EEA0039FE36 /* PBXContainerItemProxy */ = {
			isa = PBXContainerItemProxy;
			containerPortal = 58CEC5871A750EEA0039FE36 /* Project object */;
			proxyType = 1;
			remoteGlobalIDString = 58CEC58E1A750EEA0039FE36;
			remoteInfo = interview;
		};
/* End PBXContainerItemProxy section */

/* Begin PBXFileReference section */
		46B04D1CA4E0A683D4AB115B /* Pods.release.xcconfig */ = {isa = PBXFileReference; includeInIndex = 1; lastKnownFileType = text.xcconfig; name = Pods.release.xcconfig; path = "Pods/Target Support Files/Pods/Pods.release.xcconfig"; sourceTree = "<group>"; };
		58CEC58F1A750EEA0039FE36 /* interview.app */ = {isa = PBXFileReference; explicitFileType = wrapper.application; includeInIndex = 0; path = interview.app; sourceTree = BUILT_PRODUCTS_DIR; };
		58CEC5931A750EEA0039FE36 /* Info.plist */ = {isa = PBXFileReference; lastKnownFileType = text.plist.xml; path = Info.plist; sourceTree = "<group>"; };
		58CEC5941A750EEA0039FE36 /* main.m */ = {isa = PBXFileReference; lastKnownFileType = sourcecode.c.objc; path = main.m; sourceTree = "<group>"; };
		58CEC5961A750EEA0039FE36 /* JVIAppDelegate.h */ = {isa = PBXFileReference; lastKnownFileType = sourcecode.c.h; path = JVIAppDelegate.h; sourceTree = "<group>"; };
		58CEC5971A750EEA0039FE36 /* JVIAppDelegate.m */ = {isa = PBXFileReference; lastKnownFileType = sourcecode.c.objc; path = JVIAppDelegate.m; sourceTree = "<group>"; };
		58CEC59F1A750EEA0039FE36 /* Images.xcassets */ = {isa = PBXFileReference; lastKnownFileType = folder.assetcatalog; path = Images.xcassets; sourceTree = "<group>"; };
		58CEC5A81A750EEA0039FE36 /* interviewTests.xctest */ = {isa = PBXFileReference; explicitFileType = wrapper.cfbundle; includeInIndex = 0; path = interviewTests.xctest; sourceTree = BUILT_PRODUCTS_DIR; };
		58CEC5AD1A750EEA0039FE36 /* Info.plist */ = {isa = PBXFileReference; lastKnownFileType = text.plist.xml; path = Info.plist; sourceTree = "<group>"; };
		58CEC5AE1A750EEA0039FE36 /* interviewTests.m */ = {isa = PBXFileReference; lastKnownFileType = sourcecode.c.objc; path = interviewTests.m; sourceTree = "<group>"; };
		A5D81F80823F8095A79A2AFF /* libPods.a */ = {isa = PBXFileReference; explicitFileType = archive.ar; includeInIndex = 0; path = libPods.a; sourceTree = BUILT_PRODUCTS_DIR; };
		CBDD3B211609ECE65AE4E5ED /* Pods.debug.xcconfig */ = {isa = PBXFileReference; includeInIndex = 1; lastKnownFileType = text.xcconfig; name = Pods.debug.xcconfig; path = "Pods/Target Support Files/Pods/Pods.debug.xcconfig"; sourceTree = "<group>"; };
		ED0E606A6FCE335B5947D659 /* JVIImage.h */ = {isa = PBXFileReference; fileEncoding = 4; lastKnownFileType = sourcecode.c.h; path = JVIImage.h; sourceTree = "<group>"; };
		ED0E6080CE4AD82463344B27 /* JVIInstagramService.m */ = {isa = PBXFileReference; fileEncoding = 4; lastKnownFileType = sourcecode.c.objc; path = JVIInstagramService.m; sourceTree = "<group>"; };
		ED0E60ADEA15809173F93DF9 /* JVIPaginatedList.m */ = {isa = PBXFileReference; fileEncoding = 4; lastKnownFileType = sourcecode.c.objc; path = JVIPaginatedList.m; sourceTree = "<group>"; };
		ED0E60B0D14F9BA275417EE7 /* JVIUser.m */ = {isa = PBXFileReference; fileEncoding = 4; lastKnownFileType = sourcecode.c.objc; path = JVIUser.m; sourceTree = "<group>"; };
		ED0E63B4306D8C6D346E4783 /* JiveInterview-Prefix.pch */ = {isa = PBXFileReference; fileEncoding = 4; lastKnownFileType = sourcecode.c.h; path = "JiveInterview-Prefix.pch"; sourceTree = "<group>"; };
		ED0E6592745E544F647BA02D /* JVIInstagramService.h */ = {isa = PBXFileReference; fileEncoding = 4; lastKnownFileType = sourcecode.c.h; path = JVIInstagramService.h; sourceTree = "<group>"; };
		ED0E66193993899F2ECDF024 /* JVIPaginatedList.h */ = {isa = PBXFileReference; fileEncoding = 4; lastKnownFileType = sourcecode.c.h; path = JVIPaginatedList.h; sourceTree = "<group>"; };
		ED0E66EE1188EC9C4233E94F /* JVIUser.h */ = {isa = PBXFileReference; fileEncoding = 4; lastKnownFileType = sourcecode.c.h; path = JVIUser.h; sourceTree = "<group>"; };
		ED0E685EDB70FA12B9392FB8 /* UIView+JVDView.h */ = {isa = PBXFileReference; fileEncoding = 4; lastKnownFileType = sourcecode.c.h; path = "UIView+JVDView.h"; sourceTree = "<group>"; };
		ED0E68708ABAD43637E23D65 /* UIView+JVDView.m */ = {isa = PBXFileReference; fileEncoding = 4; lastKnownFileType = sourcecode.c.objc; path = "UIView+JVDView.m"; sourceTree = "<group>"; };
		ED0E6E000F41593C99CBDF9F /* Localizable.strings */ = {isa = PBXFileReference; fileEncoding = 4; lastKnownFileType = text.plist.strings; path = Localizable.strings; sourceTree = "<group>"; };
		ED0E6F2220DAD6AB5B4FB780 /* JVIFeedViewController.h */ = {isa = PBXFileReference; fileEncoding = 4; lastKnownFileType = sourcecode.c.h; path = JVIFeedViewController.h; sourceTree = "<group>"; };
		ED0E6F7564C66B2940CC6084 /* JVIFeedViewController.m */ = {isa = PBXFileReference; fileEncoding = 4; lastKnownFileType = sourcecode.c.objc; path = JVIFeedViewController.m; sourceTree = "<group>"; };
		ED0E6FB596B3BD8227D68401 /* JVIImage.m */ = {isa = PBXFileReference; fileEncoding = 4; lastKnownFileType = sourcecode.c.objc; path = JVIImage.m; sourceTree = "<group>"; };
/* End PBXFileReference section */

/* Begin PBXFrameworksBuildPhase section */
		58CEC58C1A750EEA0039FE36 /* Frameworks */ = {
			isa = PBXFrameworksBuildPhase;
			buildActionMask = 2147483647;
			files = (
				DFE8890D670DBBF5570D13F7 /* libPods.a in Frameworks */,
			);
			runOnlyForDeploymentPostprocessing = 0;
		};
		58CEC5A51A750EEA0039FE36 /* Frameworks */ = {
			isa = PBXFrameworksBuildPhase;
			buildActionMask = 2147483647;
			files = (
			);
			runOnlyForDeploymentPostprocessing = 0;
		};
/* End PBXFrameworksBuildPhase section */

/* Begin PBXGroup section */
		58CEC5861A750EEA0039FE36 = {
			isa = PBXGroup;
			children = (
				58CEC5911A750EEA0039FE36 /* interview */,
				58CEC5AB1A750EEA0039FE36 /* interviewTests */,
				58CEC5901A750EEA0039FE36 /* Products */,
				E39CA5C2B348DB3F309FE0A9 /* Pods */,
				CEE18EB2C4452AF72F494CB0 /* Frameworks */,
			);
			sourceTree = "<group>";
		};
		58CEC5901A750EEA0039FE36 /* Products */ = {
			isa = PBXGroup;
			children = (
				58CEC58F1A750EEA0039FE36 /* interview.app */,
				58CEC5A81A750EEA0039FE36 /* interviewTests.xctest */,
			);
			name = Products;
			sourceTree = "<group>";
		};
		58CEC5911A750EEA0039FE36 /* interview */ = {
			isa = PBXGroup;
			children = (
				58CEC5961A750EEA0039FE36 /* JVIAppDelegate.h */,
				58CEC5971A750EEA0039FE36 /* JVIAppDelegate.m */,
				58CEC59F1A750EEA0039FE36 /* Images.xcassets */,
				58CEC5921A750EEA0039FE36 /* Supporting Files */,
				ED0E6F7564C66B2940CC6084 /* JVIFeedViewController.m */,
				ED0E6F2220DAD6AB5B4FB780 /* JVIFeedViewController.h */,
				ED0E6CFF3F57896DFDA7195F /* Views */,
				ED0E6176870F2EAB109A256E /* Catergories */,
				ED0E6080CE4AD82463344B27 /* JVIInstagramService.m */,
				ED0E6592745E544F647BA02D /* JVIInstagramService.h */,
				ED0E6AF4721207B2CABB08C0 /* Model */,
				ED0E6E000F41593C99CBDF9F /* Localizable.strings */,
			);
			path = interview;
			sourceTree = "<group>";
		};
		58CEC5921A750EEA0039FE36 /* Supporting Files */ = {
			isa = PBXGroup;
			children = (
				58CEC5931A750EEA0039FE36 /* Info.plist */,
				58CEC5941A750EEA0039FE36 /* main.m */,
				ED0E63B4306D8C6D346E4783 /* JiveInterview-Prefix.pch */,
			);
			name = "Supporting Files";
			sourceTree = "<group>";
		};
		58CEC5AB1A750EEA0039FE36 /* interviewTests */ = {
			isa = PBXGroup;
			children = (
				58CEC5AE1A750EEA0039FE36 /* interviewTests.m */,
				58CEC5AC1A750EEA0039FE36 /* Supporting Files */,
			);
			path = interviewTests;
			sourceTree = "<group>";
		};
		58CEC5AC1A750EEA0039FE36 /* Supporting Files */ = {
			isa = PBXGroup;
			children = (
				58CEC5AD1A750EEA0039FE36 /* Info.plist */,
			);
			name = "Supporting Files";
			sourceTree = "<group>";
		};
		CEE18EB2C4452AF72F494CB0 /* Frameworks */ = {
			isa = PBXGroup;
			children = (
				A5D81F80823F8095A79A2AFF /* libPods.a */,
			);
			name = Frameworks;
			sourceTree = "<group>";
		};
		E39CA5C2B348DB3F309FE0A9 /* Pods */ = {
			isa = PBXGroup;
			children = (
				CBDD3B211609ECE65AE4E5ED /* Pods.debug.xcconfig */,
				46B04D1CA4E0A683D4AB115B /* Pods.release.xcconfig */,
			);
			name = Pods;
			sourceTree = "<group>";
		};
		ED0E6176870F2EAB109A256E /* Catergories */ = {
			isa = PBXGroup;
			children = (
				ED0E685EDB70FA12B9392FB8 /* UIView+JVDView.h */,
				ED0E68708ABAD43637E23D65 /* UIView+JVDView.m */,
			);
			path = Catergories;
			sourceTree = "<group>";
		};
		ED0E6AF4721207B2CABB08C0 /* Model */ = {
			isa = PBXGroup;
			children = (
				ED0E60ADEA15809173F93DF9 /* JVIPaginatedList.m */,
				ED0E66193993899F2ECDF024 /* JVIPaginatedList.h */,
				ED0E6FB596B3BD8227D68401 /* JVIImage.m */,
				ED0E606A6FCE335B5947D659 /* JVIImage.h */,
				ED0E60B0D14F9BA275417EE7 /* JVIUser.m */,
				ED0E66EE1188EC9C4233E94F /* JVIUser.h */,
			);
			path = Model;
			sourceTree = "<group>";
		};
		ED0E6CFF3F57896DFDA7195F /* Views */ = {
			isa = PBXGroup;
			children = (
			);
			path = Views;
			sourceTree = "<group>";
		};
/* End PBXGroup section */

/* Begin PBXNativeTarget section */
		58CEC58E1A750EEA0039FE36 /* interview */ = {
			isa = PBXNativeTarget;
			buildConfigurationList = 58CEC5B21A750EEA0039FE36 /* Build configuration list for PBXNativeTarget "interview" */;
			buildPhases = (
				26E09CCD8A765C5EC29089B7 /* Check Pods Manifest.lock */,
				58CEC58B1A750EEA0039FE36 /* Sources */,
				58CEC58C1A750EEA0039FE36 /* Frameworks */,
				58CEC58D1A750EEA0039FE36 /* Resources */,
				4E4746C06A964E40C53D466F /* Copy Pods Resources */,
			);
			buildRules = (
			);
			dependencies = (
			);
			name = interview;
			productName = interview;
			productReference = 58CEC58F1A750EEA0039FE36 /* interview.app */;
			productType = "com.apple.product-type.application";
		};
		58CEC5A71A750EEA0039FE36 /* interviewTests */ = {
			isa = PBXNativeTarget;
			buildConfigurationList = 58CEC5B51A750EEA0039FE36 /* Build configuration list for PBXNativeTarget "interviewTests" */;
			buildPhases = (
				58CEC5A41A750EEA0039FE36 /* Sources */,
				58CEC5A51A750EEA0039FE36 /* Frameworks */,
				58CEC5A61A750EEA0039FE36 /* Resources */,
			);
			buildRules = (
			);
			dependencies = (
				58CEC5AA1A750EEA0039FE36 /* PBXTargetDependency */,
			);
			name = interviewTests;
			productName = interviewTests;
			productReference = 58CEC5A81A750EEA0039FE36 /* interviewTests.xctest */;
			productType = "com.apple.product-type.bundle.unit-test";
		};
/* End PBXNativeTarget section */

/* Begin PBXProject section */
		58CEC5871A750EEA0039FE36 /* Project object */ = {
			isa = PBXProject;
			attributes = {
				CLASSPREFIX = JVI;
				LastUpgradeCheck = 0610;
				ORGANIZATIONNAME = "Jive Software";
				TargetAttributes = {
					58CEC58E1A750EEA0039FE36 = {
						CreatedOnToolsVersion = 6.1;
					};
					58CEC5A71A750EEA0039FE36 = {
						CreatedOnToolsVersion = 6.1;
						TestTargetID = 58CEC58E1A750EEA0039FE36;
					};
				};
			};
			buildConfigurationList = 58CEC58A1A750EEA0039FE36 /* Build configuration list for PBXProject "interview" */;
			compatibilityVersion = "Xcode 3.2";
			developmentRegion = English;
			hasScannedForEncodings = 0;
			knownRegions = (
				en,
				Base,
			);
			mainGroup = 58CEC5861A750EEA0039FE36;
			productRefGroup = 58CEC5901A750EEA0039FE36 /* Products */;
			projectDirPath = "";
			projectRoot = "";
			targets = (
				58CEC58E1A750EEA0039FE36 /* interview */,
				58CEC5A71A750EEA0039FE36 /* interviewTests */,
			);
		};
/* End PBXProject section */

/* Begin PBXResourcesBuildPhase section */
		58CEC58D1A750EEA0039FE36 /* Resources */ = {
			isa = PBXResourcesBuildPhase;
			buildActionMask = 2147483647;
			files = (
				58CEC5A01A750EEA0039FE36 /* Images.xcassets in Resources */,
				ED0E69787A4D1A3F4FFDFB36 /* Localizable.strings in Resources */,
			);
			runOnlyForDeploymentPostprocessing = 0;
		};
		58CEC5A61A750EEA0039FE36 /* Resources */ = {
			isa = PBXResourcesBuildPhase;
			buildActionMask = 2147483647;
			files = (
			);
			runOnlyForDeploymentPostprocessing = 0;
		};
/* End PBXResourcesBuildPhase section */

/* Begin PBXShellScriptBuildPhase section */
		26E09CCD8A765C5EC29089B7 /* Check Pods Manifest.lock */ = {
			isa = PBXShellScriptBuildPhase;
			buildActionMask = 2147483647;
			files = (
			);
			inputPaths = (
			);
			name = "Check Pods Manifest.lock";
			outputPaths = (
			);
			runOnlyForDeploymentPostprocessing = 0;
			shellPath = /bin/sh;
			shellScript = "diff \"${PODS_ROOT}/../Podfile.lock\" \"${PODS_ROOT}/Manifest.lock\" > /dev/null\nif [[ $? != 0 ]] ; then\n    cat << EOM\nerror: The sandbox is not in sync with the Podfile.lock. Run 'pod install' or update your CocoaPods installation.\nEOM\n    exit 1\nfi\n";
			showEnvVarsInLog = 0;
		};
		4E4746C06A964E40C53D466F /* Copy Pods Resources */ = {
			isa = PBXShellScriptBuildPhase;
			buildActionMask = 2147483647;
			files = (
			);
			inputPaths = (
			);
			name = "Copy Pods Resources";
			outputPaths = (
			);
			runOnlyForDeploymentPostprocessing = 0;
			shellPath = /bin/sh;
			shellScript = "\"${SRCROOT}/Pods/Target Support Files/Pods/Pods-resources.sh\"\n";
			showEnvVarsInLog = 0;
		};
/* End PBXShellScriptBuildPhase section */

/* Begin PBXSourcesBuildPhase section */
		58CEC58B1A750EEA0039FE36 /* Sources */ = {
			isa = PBXSourcesBuildPhase;
			buildActionMask = 2147483647;
			files = (
				58CEC5981A750EEA0039FE36 /* JVIAppDelegate.m in Sources */,
				58CEC5951A750EEA0039FE36 /* main.m in Sources */,
				ED0E67E799CACFE65FF4160B /* JVIFeedViewController.m in Sources */,
				ED0E6D20453B535727C85138 /* UIView+JVDView.m in Sources */,
				ED0E64EF4D25D11E102ACCCF /* JVIInstagramService.m in Sources */,
				ED0E6097C2251E0A930D5899 /* JVIPaginatedList.m in Sources */,
				ED0E6574D19B8DACB34AFA11 /* JVIImage.m in Sources */,
				ED0E6DFFDC60DD43DC6AE60A /* JVIUser.m in Sources */,
			);
			runOnlyForDeploymentPostprocessing = 0;
		};
		58CEC5A41A750EEA0039FE36 /* Sources */ = {
			isa = PBXSourcesBuildPhase;
			buildActionMask = 2147483647;
			files = (
				58CEC5AF1A750EEA0039FE36 /* interviewTests.m in Sources */,
			);
			runOnlyForDeploymentPostprocessing = 0;
		};
/* End PBXSourcesBuildPhase section */

/* Begin PBXTargetDependency section */
		58CEC5AA1A750EEA0039FE36 /* PBXTargetDependency */ = {
			isa = PBXTargetDependency;
			target = 58CEC58E1A750EEA0039FE36 /* interview */;
			targetProxy = 58CEC5A91A750EEA0039FE36 /* PBXContainerItemProxy */;
		};
/* End PBXTargetDependency section */

/* Begin XCBuildConfiguration section */
		58CEC5B01A750EEA0039FE36 /* Debug */ = {
			isa = XCBuildConfiguration;
			buildSettings = {
				ALWAYS_SEARCH_USER_PATHS = NO;
				CLANG_CXX_LANGUAGE_STANDARD = "gnu++0x";
				CLANG_CXX_LIBRARY = "libc++";
				CLANG_ENABLE_MODULES = YES;
				CLANG_ENABLE_OBJC_ARC = YES;
				CLANG_WARN_BOOL_CONVERSION = YES;
				CLANG_WARN_CONSTANT_CONVERSION = YES;
				CLANG_WARN_DIRECT_OBJC_ISA_USAGE = YES_ERROR;
				CLANG_WARN_EMPTY_BODY = YES;
				CLANG_WARN_ENUM_CONVERSION = YES;
				CLANG_WARN_INT_CONVERSION = YES;
				CLANG_WARN_OBJC_ROOT_CLASS = YES_ERROR;
				CLANG_WARN_UNREACHABLE_CODE = YES;
				CLANG_WARN__DUPLICATE_METHOD_MATCH = YES;
				"CODE_SIGN_IDENTITY[sdk=iphoneos*]" = "iPhone Developer";
				COPY_PHASE_STRIP = NO;
				ENABLE_STRICT_OBJC_MSGSEND = YES;
				GCC_C_LANGUAGE_STANDARD = gnu99;
				GCC_DYNAMIC_NO_PIC = NO;
				GCC_OPTIMIZATION_LEVEL = 0;
				GCC_PRECOMPILE_PREFIX_HEADER = YES;
				GCC_PREFIX_HEADER = "interview/JiveInterview-Prefix.pch";
				GCC_PREPROCESSOR_DEFINITIONS = (
					"DEBUG=1",
					"$(inherited)",
				);
				GCC_SYMBOLS_PRIVATE_EXTERN = NO;
				GCC_WARN_64_TO_32_BIT_CONVERSION = YES;
				GCC_WARN_ABOUT_RETURN_TYPE = YES_ERROR;
				GCC_WARN_UNDECLARED_SELECTOR = YES;
				GCC_WARN_UNINITIALIZED_AUTOS = YES_AGGRESSIVE;
				GCC_WARN_UNUSED_FUNCTION = YES;
				GCC_WARN_UNUSED_VARIABLE = YES;
				IPHONEOS_DEPLOYMENT_TARGET = 8.1;
				MTL_ENABLE_DEBUG_INFO = YES;
				ONLY_ACTIVE_ARCH = YES;
				SDKROOT = iphoneos;
			};
			name = Debug;
		};
		58CEC5B11A750EEA0039FE36 /* Release */ = {
			isa = XCBuildConfiguration;
			buildSettings = {
				ALWAYS_SEARCH_USER_PATHS = NO;
				CLANG_CXX_LANGUAGE_STANDARD = "gnu++0x";
				CLANG_CXX_LIBRARY = "libc++";
				CLANG_ENABLE_MODULES = YES;
				CLANG_ENABLE_OBJC_ARC = YES;
				CLANG_WARN_BOOL_CONVERSION = YES;
				CLANG_WARN_CONSTANT_CONVERSION = YES;
				CLANG_WARN_DIRECT_OBJC_ISA_USAGE = YES_ERROR;
				CLANG_WARN_EMPTY_BODY = YES;
				CLANG_WARN_ENUM_CONVERSION = YES;
				CLANG_WARN_INT_CONVERSION = YES;
				CLANG_WARN_OBJC_ROOT_CLASS = YES_ERROR;
				CLANG_WARN_UNREACHABLE_CODE = YES;
				CLANG_WARN__DUPLICATE_METHOD_MATCH = YES;
				"CODE_SIGN_IDENTITY[sdk=iphoneos*]" = "iPhone Developer";
				COPY_PHASE_STRIP = YES;
				ENABLE_NS_ASSERTIONS = NO;
				ENABLE_STRICT_OBJC_MSGSEND = YES;
				GCC_C_LANGUAGE_STANDARD = gnu99;
				GCC_PRECOMPILE_PREFIX_HEADER = YES;
				GCC_PREFIX_HEADER = "interview/JiveInterview-Prefix.pch";
				GCC_WARN_64_TO_32_BIT_CONVERSION = YES;
				GCC_WARN_ABOUT_RETURN_TYPE = YES_ERROR;
				GCC_WARN_UNDECLARED_SELECTOR = YES;
				GCC_WARN_UNINITIALIZED_AUTOS = YES_AGGRESSIVE;
				GCC_WARN_UNUSED_FUNCTION = YES;
				GCC_WARN_UNUSED_VARIABLE = YES;
				IPHONEOS_DEPLOYMENT_TARGET = 8.1;
				MTL_ENABLE_DEBUG_INFO = NO;
				SDKROOT = iphoneos;
				VALIDATE_PRODUCT = YES;
			};
			name = Release;
		};
		58CEC5B31A750EEA0039FE36 /* Debug */ = {
			isa = XCBuildConfiguration;
			baseConfigurationReference = CBDD3B211609ECE65AE4E5ED /* Pods.debug.xcconfig */;
			buildSettings = {
				ASSETCATALOG_COMPILER_APPICON_NAME = AppIcon;
				INFOPLIST_FILE = interview/Info.plist;
				LD_RUNPATH_SEARCH_PATHS = "$(inherited) @executable_path/Frameworks";
				PRODUCT_NAME = "$(TARGET_NAME)";
				USER_HEADER_SEARCH_PATHS = "\"${PROJECT_DIR}/Pods\"/**";
			};
			name = Debug;
		};
		58CEC5B41A750EEA0039FE36 /* Release */ = {
			isa = XCBuildConfiguration;
			baseConfigurationReference = 46B04D1CA4E0A683D4AB115B /* Pods.release.xcconfig */;
			buildSettings = {
				ASSETCATALOG_COMPILER_APPICON_NAME = AppIcon;
				INFOPLIST_FILE = interview/Info.plist;
				LD_RUNPATH_SEARCH_PATHS = "$(inherited) @executable_path/Frameworks";
				PRODUCT_NAME = "$(TARGET_NAME)";
				USER_HEADER_SEARCH_PATHS = "\"${PROJECT_DIR}/Pods\"/**";
			};
			name = Release;
		};
		58CEC5B61A750EEA0039FE36 /* Debug */ = {
			isa = XCBuildConfiguration;
			buildSettings = {
				BUNDLE_LOADER = "$(TEST_HOST)";
				FRAMEWORK_SEARCH_PATHS = (
					"$(SDKROOT)/Developer/Library/Frameworks",
					"$(inherited)",
				);
				GCC_PREPROCESSOR_DEFINITIONS = (
					"DEBUG=1",
					"$(inherited)",
				);
				INFOPLIST_FILE = interviewTests/Info.plist;
				LD_RUNPATH_SEARCH_PATHS = "$(inherited) @executable_path/Frameworks @loader_path/Frameworks";
				PRODUCT_NAME = "$(TARGET_NAME)";
				TEST_HOST = "$(BUILT_PRODUCTS_DIR)/interview.app/interview";
			};
			name = Debug;
		};
		58CEC5B71A750EEA0039FE36 /* Release */ = {
			isa = XCBuildConfiguration;
			buildSettings = {
				BUNDLE_LOADER = "$(TEST_HOST)";
				FRAMEWORK_SEARCH_PATHS = (
					"$(SDKROOT)/Developer/Library/Frameworks",
					"$(inherited)",
				);
				INFOPLIST_FILE = interviewTests/Info.plist;
				LD_RUNPATH_SEARCH_PATHS = "$(inherited) @executable_path/Frameworks @loader_path/Frameworks";
				PRODUCT_NAME = "$(TARGET_NAME)";
				TEST_HOST = "$(BUILT_PRODUCTS_DIR)/interview.app/interview";
			};
			name = Release;
		};
/* End XCBuildConfiguration section */

/* Begin XCConfigurationList section */
		58CEC58A1A750EEA0039FE36 /* Build configuration list for PBXProject "interview" */ = {
			isa = XCConfigurationList;
			buildConfigurations = (
				58CEC5B01A750EEA0039FE36 /* Debug */,
				58CEC5B11A750EEA0039FE36 /* Release */,
			);
			defaultConfigurationIsVisible = 0;
			defaultConfigurationName = Release;
		};
		58CEC5B21A750EEA0039FE36 /* Build configuration list for PBXNativeTarget "interview" */ = {
			isa = XCConfigurationList;
			buildConfigurations = (
				58CEC5B31A750EEA0039FE36 /* Debug */,
				58CEC5B41A750EEA0039FE36 /* Release */,
			);
			defaultConfigurationIsVisible = 0;
			defaultConfigurationName = Release;
		};
		58CEC5B51A750EEA0039FE36 /* Build configuration list for PBXNativeTarget "interviewTests" */ = {
			isa = XCConfigurationList;
			buildConfigurations = (
				58CEC5B61A750EEA0039FE36 /* Debug */,
				58CEC5B71A750EEA0039FE36 /* Release */,
			);
			defaultConfigurationIsVisible = 0;
			defaultConfigurationName = Release;
		};
/* End XCConfigurationList section */
	};
	rootObject = 58CEC5871A750EEA0039FE36 /* Project object */;
}
